// !$*UTF8*$!
{
	archiveVersion = 1;
	classes = {
	};
	objectVersion = 77;
	objects = {

/* Begin PBXBuildFile section */
		2DC0E0EB1D23C9910E69C552 /* SettingsView.swift in Sources */ = {isa = PBXBuildFile; fileRef = 645744C5F3C6D456B1808591 /* SettingsView.swift */; };
		4129FBB9BB33D528A0404B08 /* AudioPlayer.swift in Sources */ = {isa = PBXBuildFile; fileRef = DBB8B0A3E3167BC078572065 /* AudioPlayer.swift */; };
		4A05C150FEABE6D2B773FB11 /* TrackRow.swift in Sources */ = {isa = PBXBuildFile; fileRef = A185C87B00498B183229F9FE /* TrackRow.swift */; };
		72542CE837E7E33D709419B2 /* MusicLibrary.swift in Sources */ = {isa = PBXBuildFile; fileRef = 6997FD15E864B9BC2CE88B5E /* MusicLibrary.swift */; };
		850989E379FEB6D97FA5CFAC /* Track.swift in Sources */ = {isa = PBXBuildFile; fileRef = 341A7847C531F4B9679AAAA6 /* Track.swift */; };
		B07A6A1A3F8B5D6D630C65B0 /* LibraryView.swift in Sources */ = {isa = PBXBuildFile; fileRef = 137C8238D7790D46B45BC371 /* LibraryView.swift */; };
		B4ECE150568FFFDF8AD70C42 /* Assets.xcassets in Resources */ = {isa = PBXBuildFile; fileRef = B5AFC4BADCF6A306AC9E294C /* Assets.xcassets */; };
		BC8730EB9BBB9D3576C50844 /* CloudTapeApp.swift in Sources */ = {isa = PBXBuildFile; fileRef = A82D5FBADA3543B3FAC78340 /* CloudTapeApp.swift */; };
		C87CB38DED4E4CCF752BBE06 /* PlayerBar.swift in Sources */ = {isa = PBXBuildFile; fileRef = D807E2DCC792FF6BFB9E6294 /* PlayerBar.swift */; };
		CA93CB2A2C1FBE54FA40F8AB /* ArtworkThumbnail.swift in Sources */ = {isa = PBXBuildFile; fileRef = 55FBA8A7097349339A1B6629 /* ArtworkThumbnail.swift */; };
		CFF6600159DF978B4D939673 /* EmptyLibraryView.swift in Sources */ = {isa = PBXBuildFile; fileRef = A297E8292374D877B63C986D /* EmptyLibraryView.swift */; };
		D3DCE3FAE1383F5EF7461E39 /* AppSettings.swift in Sources */ = {isa = PBXBuildFile; fileRef = 240657BCDDF32B9683308973 /* AppSettings.swift */; };
		DDA67987906A512C93A8CA3F /* CloudTape-Demo-Audio.m4a in Resources */ = {isa = PBXBuildFile; fileRef = 4212D27CC983C511E82DC972 /* CloudTape-Demo-Audio.m4a */; };
		EE34F003916481ACC112F738 /* TimeFormatting.swift in Sources */ = {isa = PBXBuildFile; fileRef = 1C66CEF8E4730A72068F495D /* TimeFormatting.swift */; };
/* End PBXBuildFile section */

/* Begin PBXFileReference section */
		137C8238D7790D46B45BC371 /* LibraryView.swift */ = {isa = PBXFileReference; lastKnownFileType = sourcecode.swift; path = LibraryView.swift; sourceTree = "<group>"; };
		13C6A4215A3239C4EB1D1984 /* CloudTape.app */ = {isa = PBXFileReference; includeInIndex = 0; lastKnownFileType = wrapper.application; path = CloudTape.app; sourceTree = BUILT_PRODUCTS_DIR; };
		1C66CEF8E4730A72068F495D /* TimeFormatting.swift */ = {isa = PBXFileReference; lastKnownFileType = sourcecode.swift; path = TimeFormatting.swift; sourceTree = "<group>"; };
		240657BCDDF32B9683308973 /* AppSettings.swift */ = {isa = PBXFileReference; lastKnownFileType = sourcecode.swift; path = AppSettings.swift; sourceTree = "<group>"; };
		341A7847C531F4B9679AAAA6 /* Track.swift */ = {isa = PBXFileReference; lastKnownFileType = sourcecode.swift; path = Track.swift; sourceTree = "<group>"; };
		4212D27CC983C511E82DC972 /* CloudTape-Demo-Audio.m4a */ = {isa = PBXFileReference; path = "CloudTape-Demo-Audio.m4a"; sourceTree = "<group>"; };
		55FBA8A7097349339A1B6629 /* ArtworkThumbnail.swift */ = {isa = PBXFileReference; lastKnownFileType = sourcecode.swift; path = ArtworkThumbnail.swift; sourceTree = "<group>"; };
		645744C5F3C6D456B1808591 /* SettingsView.swift */ = {isa = PBXFileReference; lastKnownFileType = sourcecode.swift; path = SettingsView.swift; sourceTree = "<group>"; };
		6997FD15E864B9BC2CE88B5E /* MusicLibrary.swift */ = {isa = PBXFileReference; lastKnownFileType = sourcecode.swift; path = MusicLibrary.swift; sourceTree = "<group>"; };
		A185C87B00498B183229F9FE /* TrackRow.swift */ = {isa = PBXFileReference; lastKnownFileType = sourcecode.swift; path = TrackRow.swift; sourceTree = "<group>"; };
		A297E8292374D877B63C986D /* EmptyLibraryView.swift */ = {isa = PBXFileReference; lastKnownFileType = sourcecode.swift; path = EmptyLibraryView.swift; sourceTree = "<group>"; };
		A82D5FBADA3543B3FAC78340 /* CloudTapeApp.swift */ = {isa = PBXFileReference; lastKnownFileType = sourcecode.swift; path = CloudTapeApp.swift; sourceTree = "<group>"; };
		B5AFC4BADCF6A306AC9E294C /* Assets.xcassets */ = {isa = PBXFileReference; lastKnownFileType = folder.assetcatalog; path = Assets.xcassets; sourceTree = "<group>"; };
		D807E2DCC792FF6BFB9E6294 /* PlayerBar.swift */ = {isa = PBXFileReference; lastKnownFileType = sourcecode.swift; path = PlayerBar.swift; sourceTree = "<group>"; };
		DBB8B0A3E3167BC078572065 /* AudioPlayer.swift */ = {isa = PBXFileReference; lastKnownFileType = sourcecode.swift; path = AudioPlayer.swift; sourceTree = "<group>"; };
		DD854AB44367C2BF1206D950 /* Info.plist */ = {isa = PBXFileReference; lastKnownFileType = text.plist; path = Info.plist; sourceTree = "<group>"; };
/* End PBXFileReference section */

/* Begin PBXGroup section */
		0498A714155F1F1D28131BCB /* CloudTape */ = {
			isa = PBXGroup;
			children = (
				B5AFC4BADCF6A306AC9E294C /* Assets.xcassets */,
				80F2430EEB2797CF4E95B252 /* App */,
				330B46F35BCDCA376DF48D7E /* Features */,
				E53FFB82034D4620CC51165E /* Models */,
				F5F72FB15E7C9743C033B805 /* Resources */,
				44A48FB7E94F69699805CC94 /* Services */,
				B5936E1A2995A9A6DEFD8F24 /* SupportingFiles */,
				8DADBCD7DC3CE7FB69A9A688 /* Views */,
			);
			path = CloudTape;
			sourceTree = "<group>";
		};
		0D50F65486F37B33EA46582D /* Player */ = {
			isa = PBXGroup;
			children = (
				D807E2DCC792FF6BFB9E6294 /* PlayerBar.swift */,
			);
			path = Player;
			sourceTree = "<group>";
		};
		330B46F35BCDCA376DF48D7E /* Features */ = {
			isa = PBXGroup;
			children = (
				7027D740979C4B38A4BAE7FA /* Library */,
				0D50F65486F37B33EA46582D /* Player */,
				F42C2625432532A88DA15F7D /* Settings */,
			);
			path = Features;
			sourceTree = "<group>";
		};
		44A48FB7E94F69699805CC94 /* Services */ = {
			isa = PBXGroup;
			children = (
				DBB8B0A3E3167BC078572065 /* AudioPlayer.swift */,
				6997FD15E864B9BC2CE88B5E /* MusicLibrary.swift */,
			);
			path = Services;
			sourceTree = "<group>";
		};
		7027D740979C4B38A4BAE7FA /* Library */ = {
			isa = PBXGroup;
			children = (
				A297E8292374D877B63C986D /* EmptyLibraryView.swift */,
				137C8238D7790D46B45BC371 /* LibraryView.swift */,
				A185C87B00498B183229F9FE /* TrackRow.swift */,
			);
			path = Library;
			sourceTree = "<group>";
		};
		80F2430EEB2797CF4E95B252 /* App */ = {
			isa = PBXGroup;
			children = (
				240657BCDDF32B9683308973 /* AppSettings.swift */,
				A82D5FBADA3543B3FAC78340 /* CloudTapeApp.swift */,
			);
			path = App;
			sourceTree = "<group>";
		};
		8DADBCD7DC3CE7FB69A9A688 /* Views */ = {
			isa = PBXGroup;
			children = (
				55FBA8A7097349339A1B6629 /* ArtworkThumbnail.swift */,
				1C66CEF8E4730A72068F495D /* TimeFormatting.swift */,
			);
			path = Views;
			sourceTree = "<group>";
		};
		9352E48966EE57DD4195080D /* Products */ = {
			isa = PBXGroup;
			children = (
				13C6A4215A3239C4EB1D1984 /* CloudTape.app */,
			);
			name = Products;
			sourceTree = "<group>";
		};
		B5936E1A2995A9A6DEFD8F24 /* SupportingFiles */ = {
			isa = PBXGroup;
			children = (
				DD854AB44367C2BF1206D950 /* Info.plist */,
			);
			path = SupportingFiles;
			sourceTree = "<group>";
		};
		D6E5F7468CA71684726A395F = {
			isa = PBXGroup;
			children = (
				0498A714155F1F1D28131BCB /* CloudTape */,
				9352E48966EE57DD4195080D /* Products */,
			);
			sourceTree = "<group>";
		};
		E53FFB82034D4620CC51165E /* Models */ = {
			isa = PBXGroup;
			children = (
				341A7847C531F4B9679AAAA6 /* Track.swift */,
			);
			path = Models;
			sourceTree = "<group>";
		};
		F42C2625432532A88DA15F7D /* Settings */ = {
			isa = PBXGroup;
			children = (
				645744C5F3C6D456B1808591 /* SettingsView.swift */,
			);
			path = Settings;
			sourceTree = "<group>";
		};
		F5F72FB15E7C9743C033B805 /* Resources */ = {
			isa = PBXGroup;
			children = (
				4212D27CC983C511E82DC972 /* CloudTape-Demo-Audio.m4a */,
			);
			path = Resources;
			sourceTree = "<group>";
		};
/* End PBXGroup section */

/* Begin PBXNativeTarget section */
		9FC47C9705581212E6E556FA /* CloudTape */ = {
			isa = PBXNativeTarget;
			buildConfigurationList = FAADF062DD5BEDCE07FFDCAA /* Build configuration list for PBXNativeTarget "CloudTape" */;
			buildPhases = (
				960654BC02894BAB2D98AA20 /* Sources */,
				A50248067FAC3FD80937D5F8 /* Resources */,
			);
			buildRules = (
			);
			dependencies = (
			);
			name = CloudTape;
			packageProductDependencies = (
			);
			productName = CloudTape;
			productReference = 13C6A4215A3239C4EB1D1984 /* CloudTape.app */;
			productType = "com.apple.product-type.application";
		};
/* End PBXNativeTarget section */

/* Begin PBXProject section */
		4970EB5B4B4F38C40EB6B889 /* Project object */ = {
			isa = PBXProject;
			attributes = {
				BuildIndependentTargetsInParallel = YES;
				LastUpgradeCheck = 1430;
				TargetAttributes = {
					9FC47C9705581212E6E556FA = {
						DevelopmentTeam = MU94BSN9Y3;
						ProvisioningStyle = Automatic;
					};
				};
			};
			buildConfigurationList = 845C4DDEF4B9C097ADF2FA9A /* Build configuration list for PBXProject "CloudTape" */;
			compatibilityVersion = "Xcode 14.0";
			developmentRegion = en;
			hasScannedForEncodings = 0;
			knownRegions = (
				Base,
				en,
			);
			mainGroup = D6E5F7468CA71684726A395F;
			minimizedProjectReferenceProxies = 1;
			preferredProjectObjectVersion = 77;
			projectDirPath = "";
			projectRoot = "";
			targets = (
				9FC47C9705581212E6E556FA /* CloudTape */,
			);
		};
/* End PBXProject section */

/* Begin PBXResourcesBuildPhase section */
		A50248067FAC3FD80937D5F8 /* Resources */ = {
			isa = PBXResourcesBuildPhase;
			buildActionMask = 2147483647;
			files = (
				B4ECE150568FFFDF8AD70C42 /* Assets.xcassets in Resources */,
				DDA67987906A512C93A8CA3F /* CloudTape-Demo-Audio.m4a in Resources */,
			);
			runOnlyForDeploymentPostprocessing = 0;
		};
/* End PBXResourcesBuildPhase section */

/* Begin PBXSourcesBuildPhase section */
		960654BC02894BAB2D98AA20 /* Sources */ = {
			isa = PBXSourcesBuildPhase;
			buildActionMask = 2147483647;
			files = (
				D3DCE3FAE1383F5EF7461E39 /* AppSettings.swift in Sources */,
				CA93CB2A2C1FBE54FA40F8AB /* ArtworkThumbnail.swift in Sources */,
				4129FBB9BB33D528A0404B08 /* AudioPlayer.swift in Sources */,
				BC8730EB9BBB9D3576C50844 /* CloudTapeApp.swift in Sources */,
				CFF6600159DF978B4D939673 /* EmptyLibraryView.swift in Sources */,
				B07A6A1A3F8B5D6D630C65B0 /* LibraryView.swift in Sources */,
				72542CE837E7E33D709419B2 /* MusicLibrary.swift in Sources */,
				C87CB38DED4E4CCF752BBE06 /* PlayerBar.swift in Sources */,
				2DC0E0EB1D23C9910E69C552 /* SettingsView.swift in Sources */,
				EE34F003916481ACC112F738 /* TimeFormatting.swift in Sources */,
				850989E379FEB6D97FA5CFAC /* Track.swift in Sources */,
				4A05C150FEABE6D2B773FB11 /* TrackRow.swift in Sources */,
			);
			runOnlyForDeploymentPostprocessing = 0;
		};
/* End PBXSourcesBuildPhase section */

/* Begin XCBuildConfiguration section */
		22452DAAD5849FBA3DD66361 /* Release */ = {
			isa = XCBuildConfiguration;
			buildSettings = {
				ALWAYS_SEARCH_USER_PATHS = NO;
				CLANG_ANALYZER_NONNULL = YES;
				CLANG_ANALYZER_NUMBER_OBJECT_CONVERSION = YES_AGGRESSIVE;
				CLANG_CXX_LANGUAGE_STANDARD = "gnu++14";
				CLANG_CXX_LIBRARY = "libc++";
				CLANG_ENABLE_MODULES = YES;
				CLANG_ENABLE_OBJC_ARC = YES;
				CLANG_ENABLE_OBJC_WEAK = YES;
				CLANG_WARN_BLOCK_CAPTURE_AUTORELEASING = YES;
				CLANG_WARN_BOOL_CONVERSION = YES;
				CLANG_WARN_COMMA = YES;
				CLANG_WARN_CONSTANT_CONVERSION = YES;
				CLANG_WARN_DEPRECATED_OBJC_IMPLEMENTATIONS = YES;
				CLANG_WARN_DIRECT_OBJC_ISA_USAGE = YES_ERROR;
				CLANG_WARN_DOCUMENTATION_COMMENTS = YES;
				CLANG_WARN_EMPTY_BODY = YES;
				CLANG_WARN_ENUM_CONVERSION = YES;
				CLANG_WARN_INFINITE_RECURSION = YES;
				CLANG_WARN_INT_CONVERSION = YES;
				CLANG_WARN_NON_LITERAL_NULL_CONVERSION = YES;
				CLANG_WARN_OBJC_IMPLICIT_RETAIN_SELF = YES;
				CLANG_WARN_OBJC_LITERAL_CONVERSION = YES;
				CLANG_WARN_OBJC_ROOT_CLASS = YES_ERROR;
				CLANG_WARN_QUOTED_INCLUDE_IN_FRAMEWORK_HEADER = YES;
				CLANG_WARN_RANGE_LOOP_ANALYSIS = YES;
				CLANG_WARN_STRICT_PROTOTYPES = YES;
				CLANG_WARN_SUSPICIOUS_MOVE = YES;
				CLANG_WARN_UNGUARDED_AVAILABILITY = YES_AGGRESSIVE;
				CLANG_WARN_UNREACHABLE_CODE = YES;
				CLANG_WARN__DUPLICATE_METHOD_MATCH = YES;
				COPY_PHASE_STRIP = NO;
				CURRENT_PROJECT_VERSION = 1;
				DEBUG_INFORMATION_FORMAT = "dwarf-with-dsym";
				ENABLE_NS_ASSERTIONS = NO;
				ENABLE_STRICT_OBJC_MSGSEND = YES;
				GCC_C_LANGUAGE_STANDARD = gnu11;
				GCC_NO_COMMON_BLOCKS = YES;
				GCC_WARN_64_TO_32_BIT_CONVERSION = YES;
				GCC_WARN_ABOUT_RETURN_TYPE = YES_ERROR;
				GCC_WARN_UNDECLARED_SELECTOR = YES;
				GCC_WARN_UNINITIALIZED_AUTOS = YES_AGGRESSIVE;
				GCC_WARN_UNUSED_FUNCTION = YES;
				GCC_WARN_UNUSED_VARIABLE = YES;
				IPHONEOS_DEPLOYMENT_TARGET = 17.0;
				MARKETING_VERSION = 1.0.0;
				MTL_ENABLE_DEBUG_INFO = NO;
				MTL_FAST_MATH = YES;
				PRODUCT_NAME = "$(TARGET_NAME)";
				SDKROOT = iphoneos;
				SWIFT_COMPILATION_MODE = wholemodule;
				SWIFT_OPTIMIZATION_LEVEL = "-O";
				SWIFT_VERSION = 5.0;
			};
			name = Release;
		};
		5C31467E8A845B9F8CA8DD8E /* Debug */ = {
			isa = XCBuildConfiguration;
			buildSettings = {
				ASSETCATALOG_COMPILER_APPICON_NAME = AppIcon;
				CODE_SIGN_IDENTITY = "iPhone Developer";
				CODE_SIGN_STYLE = Automatic;
				DEVELOPMENT_TEAM = MU94BSN9Y3;
				INFOPLIST_FILE = CloudTape/SupportingFiles/Info.plist;
				LD_RUNPATH_SEARCH_PATHS = (
					"$(inherited)",
					"@executable_path/Frameworks",
				);
				PRODUCT_BUNDLE_IDENTIFIER = io.github.junnakarai.cloudtape;
				SDKROOT = iphoneos;
				TARGETED_DEVICE_FAMILY = 1;
			};
			name = Debug;
		};
		78A7D16756706FE3D4501E80 /* Release */ = {
			isa = XCBuildConfiguration;
			buildSettings = {
				ASSETCATALOG_COMPILER_APPICON_NAME = AppIcon;
				CODE_SIGN_IDENTITY = "iPhone Developer";
				CODE_SIGN_STYLE = Automatic;
				DEVELOPMENT_TEAM = MU94BSN9Y3;
				INFOPLIST_FILE = CloudTape/SupportingFiles/Info.plist;
				LD_RUNPATH_SEARCH_PATHS = (
					"$(inherited)",
					"@executable_path/Frameworks",
				);
				PRODUCT_BUNDLE_IDENTIFIER = io.github.junnakarai.cloudtape;
				SDKROOT = iphoneos;
				TARGETED_DEVICE_FAMILY = 1;
			};
			name = Release;
		};
		A92A1C9ACBDDCA44C2B14B05 /* Debug */ = {
			isa = XCBuildConfiguration;
			buildSettings = {
				ALWAYS_SEARCH_USER_PATHS = NO;
				CLANG_ANALYZER_NONNULL = YES;
				CLANG_ANALYZER_NUMBER_OBJECT_CONVERSION = YES_AGGRESSIVE;
				CLANG_CXX_LANGUAGE_STANDARD = "gnu++14";
				CLANG_CXX_LIBRARY = "libc++";
				CLANG_ENABLE_MODULES = YES;
				CLANG_ENABLE_OBJC_ARC = YES;
				CLANG_ENABLE_OBJC_WEAK = YES;
				CLANG_WARN_BLOCK_CAPTURE_AUTORELEASING = YES;
				CLANG_WARN_BOOL_CONVERSION = YES;
				CLANG_WARN_COMMA = YES;
				CLANG_WARN_CONSTANT_CONVERSION = YES;
				CLANG_WARN_DEPRECATED_OBJC_IMPLEMENTATIONS = YES;
				CLANG_WARN_DIRECT_OBJC_ISA_USAGE = YES_ERROR;
				CLANG_WARN_DOCUMENTATION_COMMENTS = YES;
				CLANG_WARN_EMPTY_BODY = YES;
				CLANG_WARN_ENUM_CONVERSION = YES;
				CLANG_WARN_INFINITE_RECURSION = YES;
				CLANG_WARN_INT_CONVERSION = YES;
				CLANG_WARN_NON_LITERAL_NULL_CONVERSION = YES;
				CLANG_WARN_OBJC_IMPLICIT_RETAIN_SELF = YES;
				CLANG_WARN_OBJC_LITERAL_CONVERSION = YES;
				CLANG_WARN_OBJC_ROOT_CLASS = YES_ERROR;
				CLANG_WARN_QUOTED_INCLUDE_IN_FRAMEWORK_HEADER = YES;
				CLANG_WARN_RANGE_LOOP_ANALYSIS = YES;
				CLANG_WARN_STRICT_PROTOTYPES = YES;
				CLANG_WARN_SUSPICIOUS_MOVE = YES;
				CLANG_WARN_UNGUARDED_AVAILABILITY = YES_AGGRESSIVE;
				CLANG_WARN_UNREACHABLE_CODE = YES;
				CLANG_WARN__DUPLICATE_METHOD_MATCH = YES;
				COPY_PHASE_STRIP = NO;
				CURRENT_PROJECT_VERSION = 1;
				DEBUG_INFORMATION_FORMAT = dwarf;
				ENABLE_STRICT_OBJC_MSGSEND = YES;
				ENABLE_TESTABILITY = YES;
				GCC_C_LANGUAGE_STANDARD = gnu11;
				GCC_DYNAMIC_NO_PIC = NO;
				GCC_NO_COMMON_BLOCKS = YES;
				GCC_OPTIMIZATION_LEVEL = 0;
				GCC_PREPROCESSOR_DEFINITIONS = (
					"$(inherited)",
					"DEBUG=1",
				);
				GCC_WARN_64_TO_32_BIT_CONVERSION = YES;
				GCC_WARN_ABOUT_RETURN_TYPE = YES_ERROR;
				GCC_WARN_UNDECLARED_SELECTOR = YES;
				GCC_WARN_UNINITIALIZED_AUTOS = YES_AGGRESSIVE;
				GCC_WARN_UNUSED_FUNCTION = YES;
				GCC_WARN_UNUSED_VARIABLE = YES;
				IPHONEOS_DEPLOYMENT_TARGET = 17.0;
				MARKETING_VERSION = 1.0.0;
				MTL_ENABLE_DEBUG_INFO = INCLUDE_SOURCE;
				MTL_FAST_MATH = YES;
				ONLY_ACTIVE_ARCH = YES;
				PRODUCT_NAME = "$(TARGET_NAME)";
				SDKROOT = iphoneos;
				SWIFT_ACTIVE_COMPILATION_CONDITIONS = DEBUG;
				SWIFT_OPTIMIZATION_LEVEL = "-Onone";
				SWIFT_VERSION = 5.0;
			};
			name = Debug;
		};
/* End XCBuildConfiguration section */

/* Begin XCConfigurationList section */
		845C4DDEF4B9C097ADF2FA9A /* Build configuration list for PBXProject "CloudTape" */ = {
			isa = XCConfigurationList;
			buildConfigurations = (
				A92A1C9ACBDDCA44C2B14B05 /* Debug */,
				22452DAAD5849FBA3DD66361 /* Release */,
			);
			defaultConfigurationIsVisible = 0;
			defaultConfigurationName = Debug;
		};
		FAADF062DD5BEDCE07FFDCAA /* Build configuration list for PBXNativeTarget "CloudTape" */ = {
			isa = XCConfigurationList;
			buildConfigurations = (
				5C31467E8A845B9F8CA8DD8E /* Debug */,
				78A7D16756706FE3D4501E80 /* Release */,
			);
			defaultConfigurationIsVisible = 0;
			defaultConfigurationName = Debug;
		};
/* End XCConfigurationList section */
	};
	rootObject = 4970EB5B4B4F38C40EB6B889 /* Project object */;
}
